{
  "nodes": {
    "home-manager": {
      "inputs": {
        "nixpkgs": [
          "nixpkgs"
        ]
      },
      "locked": {
        "lastModified": 1612902587,
        "narHash": "sha256-VZ7Z1OMFf5ReObu3CCVBsC2DWloTYDjqW1onUKejVrE=",
        "owner": "esbullington",
        "repo": "home-manager",
        "rev": "209566c752c4428c7692c134731971193f06b37c",
        "type": "github"
      },
      "original": {
        "owner": "esbullington",
        "ref": "release-20.09",
        "repo": "home-manager",
        "type": "github"
      }
    },
    "nixpkgs": {
      "locked": {
        "lastModified": 1613103320,
        "narHash": "sha256-QO52M2/8DmkGXW650YyBr+RccvkdCnJFGu/wA7ubQhs=",
        "owner": "esbullington",
        "repo": "nixpkgs",
        "rev": "21a675946347bca090e2e68bfb5b1677b6113cb2",
        "type": "github"
      },
      "original": {
        "owner": "esbullington",
        "repo": "nixpkgs",
        "type": "github"
      }
    },
    "root": {
      "inputs": {
        "home-manager": "home-manager",
        "nixpkgs": "nixpkgs"
      }
    }
  },
  "root": "root",
  "version": 7
}
